
Microsoft Visual Studio Solution File, Format Version 12.00
# Visual Studio Version 16
VisualStudioVersion = 16.0.31112.23
MinimumVisualStudioVersion = 10.0.40219.1
Project("{2150E333-8FDC-42A3-9474-1A3956D46DE8}") = "CMakePredefinedTargets", "CMakePredefinedTargets", "{D0C19B59-D0C1-3C12-B855-3EC33A8129D8}"
EndProject
Project("{2150E333-8FDC-42A3-9474-1A3956D46DE8}") = "External", "External", "{61D01828-3DA4-3A3B-996A-442326B8D403}"
EndProject
Project("{2150E333-8FDC-42A3-9474-1A3956D46DE8}") = "Internal", "Internal", "{DA7B0DCF-5645-38B3-8CD6-AC6F0B1DDB5B}"
EndProject
Project("{2150E333-8FDC-42A3-9474-1A3956D46DE8}") = "Utils", "Utils", "{C3511C6C-EB5F-3F22-8A34-3616854AB53C}"
EndProject
Project("{8BC9CEB8-8B4A-11D0-8D11-00A0C91BC942}") = "MyGame", "MyGame.vcxproj", "{B2F1ABF4-AD62-3EE3-9D13-07A7A0317955}"
	ProjectSection(ProjectDependencies) = postProject
		{0CD36679-541F-37A1-AD47-2177A0AE964F} = {0CD36679-541F-37A1-AD47-2177A0AE964F}
		{FA482518-D1D5-3877-9B46-93BC45919643} = {FA482518-D1D5-3877-9B46-93BC45919643}
		{2B227F3A-6F3D-38B4-A8D5-700B1CEC8DE2} = {2B227F3A-6F3D-38B4-A8D5-700B1CEC8DE2}
		{04CDB7B7-C6D5-34F9-BFE7-ED2D4AC63676} = {04CDB7B7-C6D5-34F9-BFE7-ED2D4AC63676}
		{1E930F34-D635-3887-AA18-A0C84715666B} = {1E930F34-D635-3887-AA18-A0C84715666B}
		{961775B8-3CBA-3EA0-9FCD-F3DFE6CDD608} = {961775B8-3CBA-3EA0-9FCD-F3DFE6CDD608}
		{418CF789-0552-3F47-BC42-C94E0563CBED} = {418CF789-0552-3F47-BC42-C94E0563CBED}
		{6498C2C6-D7C5-3B2E-A1A1-5A7B2B2E117A} = {6498C2C6-D7C5-3B2E-A1A1-5A7B2B2E117A}
		{C9E2CA9C-4B7A-3785-986D-F22B7D4C7B76} = {C9E2CA9C-4B7A-3785-986D-F22B7D4C7B76}
		{4BAB5CE4-3F7A-3207-94B7-C1BAECA5EB51} = {4BAB5CE4-3F7A-3207-94B7-C1BAECA5EB51}
		{2DA3DB87-FBED-351A-963E-BDD3F9D72E70} = {2DA3DB87-FBED-351A-963E-BDD3F9D72E70}
		{45357FA8-A802-372C-888F-F0FE3E875E15} = {45357FA8-A802-372C-888F-F0FE3E875E15}
		{A4867F86-2E40-388E-9E6A-4A45F35D5B49} = {A4867F86-2E40-388E-9E6A-4A45F35D5B49}
		{3D477F65-D17C-3760-9858-6A52BDDFCA03} = {3D477F65-D17C-3760-9858-6A52BDDFCA03}
	EndProjectSection
EndProject
Project("{8BC9CEB8-8B4A-11D0-8D11-00A0C91BC942}") = "SYNC_RESOURCE-MyGame", "SYNC_RESOURCE-MyGame.vcxproj", "{0CD36679-541F-37A1-AD47-2177A0AE964F}"
	ProjectSection(ProjectDependencies) = postProject
		{FA482518-D1D5-3877-9B46-93BC45919643} = {FA482518-D1D5-3877-9B46-93BC45919643}
	EndProjectSection
EndProject
Project("{8BC9CEB8-8B4A-11D0-8D11-00A0C91BC942}") = "ZERO_CHECK", "ZERO_CHECK.vcxproj", "{FA482518-D1D5-3877-9B46-93BC45919643}"
EndProject
Project("{8BC9CEB8-8B4A-11D0-8D11-00A0C91BC942}") = "cocos2d", "engine\cocos\core\cocos2d.vcxproj", "{2B227F3A-6F3D-38B4-A8D5-700B1CEC8DE2}"
	ProjectSection(ProjectDependencies) = postProject
		{FA482518-D1D5-3877-9B46-93BC45919643} = {FA482518-D1D5-3877-9B46-93BC45919643}
		{04CDB7B7-C6D5-34F9-BFE7-ED2D4AC63676} = {04CDB7B7-C6D5-34F9-BFE7-ED2D4AC63676}
		{1E930F34-D635-3887-AA18-A0C84715666B} = {1E930F34-D635-3887-AA18-A0C84715666B}
		{961775B8-3CBA-3EA0-9FCD-F3DFE6CDD608} = {961775B8-3CBA-3EA0-9FCD-F3DFE6CDD608}
		{418CF789-0552-3F47-BC42-C94E0563CBED} = {418CF789-0552-3F47-BC42-C94E0563CBED}
		{6498C2C6-D7C5-3B2E-A1A1-5A7B2B2E117A} = {6498C2C6-D7C5-3B2E-A1A1-5A7B2B2E117A}
		{C9E2CA9C-4B7A-3785-986D-F22B7D4C7B76} = {C9E2CA9C-4B7A-3785-986D-F22B7D4C7B76}
		{4BAB5CE4-3F7A-3207-94B7-C1BAECA5EB51} = {4BAB5CE4-3F7A-3207-94B7-C1BAECA5EB51}
		{2DA3DB87-FBED-351A-963E-BDD3F9D72E70} = {2DA3DB87-FBED-351A-963E-BDD3F9D72E70}
		{45357FA8-A802-372C-888F-F0FE3E875E15} = {45357FA8-A802-372C-888F-F0FE3E875E15}
		{A4867F86-2E40-388E-9E6A-4A45F35D5B49} = {A4867F86-2E40-388E-9E6A-4A45F35D5B49}
		{3D477F65-D17C-3760-9858-6A52BDDFCA03} = {3D477F65-D17C-3760-9858-6A52BDDFCA03}
	EndProjectSection
EndProject
Project("{8BC9CEB8-8B4A-11D0-8D11-00A0C91BC942}") = "ext_clipper", "engine\external\clipper\ext_clipper.vcxproj", "{04CDB7B7-C6D5-34F9-BFE7-ED2D4AC63676}"
	ProjectSection(ProjectDependencies) = postProject
		{FA482518-D1D5-3877-9B46-93BC45919643} = {FA482518-D1D5-3877-9B46-93BC45919643}
	EndProjectSection
EndProject
Project("{8BC9CEB8-8B4A-11D0-8D11-00A0C91BC942}") = "ext_convertUTF", "engine\external\ConvertUTF\ext_convertUTF.vcxproj", "{1E930F34-D635-3887-AA18-A0C84715666B}"
	ProjectSection(ProjectDependencies) = postProject
		{FA482518-D1D5-3877-9B46-93BC45919643} = {FA482518-D1D5-3877-9B46-93BC45919643}
	EndProjectSection
EndProject
Project("{8BC9CEB8-8B4A-11D0-8D11-00A0C91BC942}") = "ext_edtaa3func", "engine\external\edtaa3func\ext_edtaa3func.vcxproj", "{961775B8-3CBA-3EA0-9FCD-F3DFE6CDD608}"
	ProjectSection(ProjectDependencies) = postProject
		{FA482518-D1D5-3877-9B46-93BC45919643} = {FA482518-D1D5-3877-9B46-93BC45919643}
	EndProjectSection
EndProject
Project("{8BC9CEB8-8B4A-11D0-8D11-00A0C91BC942}") = "ext_md5", "engine\external\md5\ext_md5.vcxproj", "{418CF789-0552-3F47-BC42-C94E0563CBED}"
	ProjectSection(ProjectDependencies) = postProject
		{FA482518-D1D5-3877-9B46-93BC45919643} = {FA482518-D1D5-3877-9B46-93BC45919643}
	EndProjectSection
EndProject
Project("{8BC9CEB8-8B4A-11D0-8D11-00A0C91BC942}") = "ext_poly2tri", "engine\external\poly2tri\ext_poly2tri.vcxproj", "{6498C2C6-D7C5-3B2E-A1A1-5A7B2B2E117A}"
	ProjectSection(ProjectDependencies) = postProject
		{FA482518-D1D5-3877-9B46-93BC45919643} = {FA482518-D1D5-3877-9B46-93BC45919643}
	EndProjectSection
EndProject
Project("{8BC9CEB8-8B4A-11D0-8D11-00A0C91BC942}") = "ext_recast", "engine\external\recast\ext_recast.vcxproj", "{C9E2CA9C-4B7A-3785-986D-F22B7D4C7B76}"
	ProjectSection(ProjectDependencies) = postProject
		{FA482518-D1D5-3877-9B46-93BC45919643} = {FA482518-D1D5-3877-9B46-93BC45919643}
	EndProjectSection
EndProject
Project("{8BC9CEB8-8B4A-11D0-8D11-00A0C91BC942}") = "ext_tinyxml2", "engine\external\tinyxml2\ext_tinyxml2.vcxproj", "{4BAB5CE4-3F7A-3207-94B7-C1BAECA5EB51}"
	ProjectSection(ProjectDependencies) = postProject
		{FA482518-D1D5-3877-9B46-93BC45919643} = {FA482518-D1D5-3877-9B46-93BC45919643}
	EndProjectSection
EndProject
Project("{8BC9CEB8-8B4A-11D0-8D11-00A0C91BC942}") = "ext_unzip", "engine\external\unzip\ext_unzip.vcxproj", "{2DA3DB87-FBED-351A-963E-BDD3F9D72E70}"
	ProjectSection(ProjectDependencies) = postProject
		{FA482518-D1D5-3877-9B46-93BC45919643} = {FA482518-D1D5-3877-9B46-93BC45919643}
	EndProjectSection
EndProject
Project("{8BC9CEB8-8B4A-11D0-8D11-00A0C91BC942}") = "ext_xxhash", "engine\external\xxhash\ext_xxhash.vcxproj", "{45357FA8-A802-372C-888F-F0FE3E875E15}"
	ProjectSection(ProjectDependencies) = postProject
		{FA482518-D1D5-3877-9B46-93BC45919643} = {FA482518-D1D5-3877-9B46-93BC45919643}
	EndProjectSection
EndProject
Project("{8BC9CEB8-8B4A-11D0-8D11-00A0C91BC942}") = "ext_xxtea", "engine\external\xxtea\ext_xxtea.vcxproj", "{A4867F86-2E40-388E-9E6A-4A45F35D5B49}"
	ProjectSection(ProjectDependencies) = postProject
		{FA482518-D1D5-3877-9B46-93BC45919643} = {FA482518-D1D5-3877-9B46-93BC45919643}
	EndProjectSection
EndProject
Project("{8BC9CEB8-8B4A-11D0-8D11-00A0C91BC942}") = "external", "engine\external\external.vcxproj", "{3D477F65-D17C-3760-9858-6A52BDDFCA03}"
	ProjectSection(ProjectDependencies) = postProject
		{FA482518-D1D5-3877-9B46-93BC45919643} = {FA482518-D1D5-3877-9B46-93BC45919643}
		{04CDB7B7-C6D5-34F9-BFE7-ED2D4AC63676} = {04CDB7B7-C6D5-34F9-BFE7-ED2D4AC63676}
		{1E930F34-D635-3887-AA18-A0C84715666B} = {1E930F34-D635-3887-AA18-A0C84715666B}
		{961775B8-3CBA-3EA0-9FCD-F3DFE6CDD608} = {961775B8-3CBA-3EA0-9FCD-F3DFE6CDD608}
		{418CF789-0552-3F47-BC42-C94E0563CBED} = {418CF789-0552-3F47-BC42-C94E0563CBED}
		{6498C2C6-D7C5-3B2E-A1A1-5A7B2B2E117A} = {6498C2C6-D7C5-3B2E-A1A1-5A7B2B2E117A}
		{C9E2CA9C-4B7A-3785-986D-F22B7D4C7B76} = {C9E2CA9C-4B7A-3785-986D-F22B7D4C7B76}
		{4BAB5CE4-3F7A-3207-94B7-C1BAECA5EB51} = {4BAB5CE4-3F7A-3207-94B7-C1BAECA5EB51}
		{2DA3DB87-FBED-351A-963E-BDD3F9D72E70} = {2DA3DB87-FBED-351A-963E-BDD3F9D72E70}
		{45357FA8-A802-372C-888F-F0FE3E875E15} = {45357FA8-A802-372C-888F-F0FE3E875E15}
		{A4867F86-2E40-388E-9E6A-4A45F35D5B49} = {A4867F86-2E40-388E-9E6A-4A45F35D5B49}
	EndProjectSection
EndProject
Global
	GlobalSection(SolutionConfigurationPlatforms) = preSolution
		Debug|Win32 = Debug|Win32
		MinSizeRel|Win32 = MinSizeRel|Win32
		Release|Win32 = Release|Win32
		RelWithDebInfo|Win32 = RelWithDebInfo|Win32
	EndGlobalSection
	GlobalSection(ProjectConfigurationPlatforms) = postSolution
		{B2F1ABF4-AD62-3EE3-9D13-07A7A0317955}.Debug|Win32.ActiveCfg = Debug|Win32
		{B2F1ABF4-AD62-3EE3-9D13-07A7A0317955}.Debug|Win32.Build.0 = Debug|Win32
		{B2F1ABF4-AD62-3EE3-9D13-07A7A0317955}.MinSizeRel|Win32.ActiveCfg = MinSizeRel|Win32
		{B2F1ABF4-AD62-3EE3-9D13-07A7A0317955}.MinSizeRel|Win32.Build.0 = MinSizeRel|Win32
		{B2F1ABF4-AD62-3EE3-9D13-07A7A0317955}.Release|Win32.ActiveCfg = Release|Win32
		{B2F1ABF4-AD62-3EE3-9D13-07A7A0317955}.Release|Win32.Build.0 = Release|Win32
		{B2F1ABF4-AD62-3EE3-9D13-07A7A0317955}.RelWithDebInfo|Win32.ActiveCfg = RelWithDebInfo|Win32
		{B2F1ABF4-AD62-3EE3-9D13-07A7A0317955}.RelWithDebInfo|Win32.Build.0 = RelWithDebInfo|Win32
		{0CD36679-541F-37A1-AD47-2177A0AE964F}.Debug|Win32.ActiveCfg = Debug|Win32
		{0CD36679-541F-37A1-AD47-2177A0AE964F}.Debug|Win32.Build.0 = Debug|Win32
		{0CD36679-541F-37A1-AD47-2177A0AE964F}.MinSizeRel|Win32.ActiveCfg = MinSizeRel|Win32
		{0CD36679-541F-37A1-AD47-2177A0AE964F}.MinSizeRel|Win32.Build.0 = MinSizeRel|Win32
		{0CD36679-541F-37A1-AD47-2177A0AE964F}.Release|Win32.ActiveCfg = Release|Win32
		{0CD36679-541F-37A1-AD47-2177A0AE964F}.Release|Win32.Build.0 = Release|Win32
		{0CD36679-541F-37A1-AD47-2177A0AE964F}.RelWithDebInfo|Win32.ActiveCfg = RelWithDebInfo|Win32
		{0CD36679-541F-37A1-AD47-2177A0AE964F}.RelWithDebInfo|Win32.Build.0 = RelWithDebInfo|Win32
		{FA482518-D1D5-3877-9B46-93BC45919643}.Debug|Win32.ActiveCfg = Debug|Win32
		{FA482518-D1D5-3877-9B46-93BC45919643}.Debug|Win32.Build.0 = Debug|Win32
		{FA482518-D1D5-3877-9B46-93BC45919643}.MinSizeRel|Win32.ActiveCfg = MinSizeRel|Win32
		{FA482518-D1D5-3877-9B46-93BC45919643}.MinSizeRel|Win32.Build.0 = MinSizeRel|Win32
		{FA482518-D1D5-3877-9B46-93BC45919643}.Release|Win32.ActiveCfg = Release|Win32
		{FA482518-D1D5-3877-9B46-93BC45919643}.Release|Win32.Build.0 = Release|Win32
		{FA482518-D1D5-3877-9B46-93BC45919643}.RelWithDebInfo|Win32.ActiveCfg = RelWithDebInfo|Win32
		{FA482518-D1D5-3877-9B46-93BC45919643}.RelWithDebInfo|Win32.Build.0 = RelWithDebInfo|Win32
		{2B227F3A-6F3D-38B4-A8D5-700B1CEC8DE2}.Debug|Win32.ActiveCfg = Debug|Win32
		{2B227F3A-6F3D-38B4-A8D5-700B1CEC8DE2}.Debug|Win32.Build.0 = Debug|Win32
		{2B227F3A-6F3D-38B4-A8D5-700B1CEC8DE2}.MinSizeRel|Win32.ActiveCfg = MinSizeRel|Win32
		{2B227F3A-6F3D-38B4-A8D5-700B1CEC8DE2}.MinSizeRel|Win32.Build.0 = MinSizeRel|Win32
		{2B227F3A-6F3D-38B4-A8D5-700B1CEC8DE2}.Release|Win32.ActiveCfg = Release|Win32
		{2B227F3A-6F3D-38B4-A8D5-700B1CEC8DE2}.Release|Win32.Build.0 = Release|Win32
		{2B227F3A-6F3D-38B4-A8D5-700B1CEC8DE2}.RelWithDebInfo|Win32.ActiveCfg = RelWithDebInfo|Win32
		{2B227F3A-6F3D-38B4-A8D5-700B1CEC8DE2}.RelWithDebInfo|Win32.Build.0 = RelWithDebInfo|Win32
		{04CDB7B7-C6D5-34F9-BFE7-ED2D4AC63676}.Debug|Win32.ActiveCfg = Debug|Win32
		{04CDB7B7-C6D5-34F9-BFE7-ED2D4AC63676}.Debug|Win32.Build.0 = Debug|Win32
		{04CDB7B7-C6D5-34F9-BFE7-ED2D4AC63676}.MinSizeRel|Win32.ActiveCfg = MinSizeRel|Win32
		{04CDB7B7-C6D5-34F9-BFE7-ED2D4AC63676}.MinSizeRel|Win32.Build.0 = MinSizeRel|Win32
		{04CDB7B7-C6D5-34F9-BFE7-ED2D4AC63676}.Release|Win32.ActiveCfg = Release|Win32
		{04CDB7B7-C6D5-34F9-BFE7-ED2D4AC63676}.Release|Win32.Build.0 = Release|Win32
		{04CDB7B7-C6D5-34F9-BFE7-ED2D4AC63676}.RelWithDebInfo|Win32.ActiveCfg = RelWithDebInfo|Win32
		{04CDB7B7-C6D5-34F9-BFE7-ED2D4AC63676}.RelWithDebInfo|Win32.Build.0 = RelWithDebInfo|Win32
		{1E930F34-D635-3887-AA18-A0C84715666B}.Debug|Win32.ActiveCfg = Debug|Win32
		{1E930F34-D635-3887-AA18-A0C84715666B}.Debug|Win32.Build.0 = Debug|Win32
		{1E930F34-D635-3887-AA18-A0C84715666B}.MinSizeRel|Win32.ActiveCfg = MinSizeRel|Win32
		{1E930F34-D635-3887-AA18-A0C84715666B}.MinSizeRel|Win32.Build.0 = MinSizeRel|Win32
		{1E930F34-D635-3887-AA18-A0C84715666B}.Release|Win32.ActiveCfg = Release|Win32
		{1E930F34-D635-3887-AA18-A0C84715666B}.Release|Win32.Build.0 = Release|Win32
		{1E930F34-D635-3887-AA18-A0C84715666B}.RelWithDebInfo|Win32.ActiveCfg = RelWithDebInfo|Win32
		{1E930F34-D635-3887-AA18-A0C84715666B}.RelWithDebInfo|Win32.Build.0 = RelWithDebInfo|Win32
		{961775B8-3CBA-3EA0-9FCD-F3DFE6CDD608}.Debug|Win32.ActiveCfg = Debug|Win32
		{961775B8-3CBA-3EA0-9FCD-F3DFE6CDD608}.Debug|Win32.Build.0 = Debug|Win32
		{961775B8-3CBA-3EA0-9FCD-F3DFE6CDD608}.MinSizeRel|Win32.ActiveCfg = MinSizeRel|Win32
		{961775B8-3CBA-3EA0-9FCD-F3DFE6CDD608}.MinSizeRel|Win32.Build.0 = MinSizeRel|Win32
		{961775B8-3CBA-3EA0-9FCD-F3DFE6CDD608}.Release|Win32.ActiveCfg = Release|Win32
		{961775B8-3CBA-3EA0-9FCD-F3DFE6CDD608}.Release|Win32.Build.0 = Release|Win32
		{961775B8-3CBA-3EA0-9FCD-F3DFE6CDD608}.RelWithDebInfo|Win32.ActiveCfg = RelWithDebInfo|Win32
		{961775B8-3CBA-3EA0-9FCD-F3DFE6CDD608}.RelWithDebInfo|Win32.Build.0 = RelWithDebInfo|Win32
		{418CF789-0552-3F47-BC42-C94E0563CBED}.Debug|Win32.ActiveCfg = Debug|Win32
		{418CF789-0552-3F47-BC42-C94E0563CBED}.Debug|Win32.Build.0 = Debug|Win32
		{418CF789-0552-3F47-BC42-C94E0563CBED}.MinSizeRel|Win32.ActiveCfg = MinSizeRel|Win32
		{418CF789-0552-3F47-BC42-C94E0563CBED}.MinSizeRel|Win32.Build.0 = MinSizeRel|Win32
		{418CF789-0552-3F47-BC42-C94E0563CBED}.Release|Win32.ActiveCfg = Release|Win32
		{418CF789-0552-3F47-BC42-C94E0563CBED}.Release|Win32.Build.0 = Release|Win32
		{418CF789-0552-3F47-BC42-C94E0563CBED}.RelWithDebInfo|Win32.ActiveCfg = RelWithDebInfo|Win32
		{418CF789-0552-3F47-BC42-C94E0563CBED}.RelWithDebInfo|Win32.Build.0 = RelWithDebInfo|Win32
		{6498C2C6-D7C5-3B2E-A1A1-5A7B2B2E117A}.Debug|Win32.ActiveCfg = Debug|Win32
		{6498C2C6-D7C5-3B2E-A1A1-5A7B2B2E117A}.Debug|Win32.Build.0 = Debug|Win32
		{6498C2C6-D7C5-3B2E-A1A1-5A7B2B2E117A}.MinSizeRel|Win32.ActiveCfg = MinSizeRel|Win32
		{6498C2C6-D7C5-3B2E-A1A1-5A7B2B2E117A}.MinSizeRel|Win32.Build.0 = MinSizeRel|Win32
		{6498C2C6-D7C5-3B2E-A1A1-5A7B2B2E117A}.Release|Win32.ActiveCfg = Release|Win32
		{6498C2C6-D7C5-3B2E-A1A1-5A7B2B2E117A}.Release|Win32.Build.0 = Release|Win32
		{6498C2C6-D7C5-3B2E-A1A1-5A7B2B2E117A}.RelWithDebInfo|Win32.ActiveCfg = RelWithDebInfo|Win32
		{6498C2C6-D7C5-3B2E-A1A1-5A7B2B2E117A}.RelWithDebInfo|Win32.Build.0 = RelWithDebInfo|Win32
		{C9E2CA9C-4B7A-3785-986D-F22B7D4C7B76}.Debug|Win32.ActiveCfg = Debug|Win32
		{C9E2CA9C-4B7A-3785-986D-F22B7D4C7B76}.Debug|Win32.Build.0 = Debug|Win32
		{C9E2CA9C-4B7A-3785-986D-F22B7D4C7B76}.MinSizeRel|Win32.ActiveCfg = MinSizeRel|Win32
		{C9E2CA9C-4B7A-3785-986D-F22B7D4C7B76}.MinSizeRel|Win32.Build.0 = MinSizeRel|Win32
		{C9E2CA9C-4B7A-3785-986D-F22B7D4C7B76}.Release|Win32.ActiveCfg = Release|Win32
		{C9E2CA9C-4B7A-3785-986D-F22B7D4C7B76}.Release|Win32.Build.0 = Release|Win32
		{C9E2CA9C-4B7A-3785-986D-F22B7D4C7B76}.RelWithDebInfo|Win32.ActiveCfg = RelWithDebInfo|Win32
		{C9E2CA9C-4B7A-3785-986D-F22B7D4C7B76}.RelWithDebInfo|Win32.Build.0 = RelWithDebInfo|Win32
		{4BAB5CE4-3F7A-3207-94B7-C1BAECA5EB51}.Debug|Win32.ActiveCfg = Debug|Win32
		{4BAB5CE4-3F7A-3207-94B7-C1BAECA5EB51}.Debug|Win32.Build.0 = Debug|Win32
		{4BAB5CE4-3F7A-3207-94B7-C1BAECA5EB51}.MinSizeRel|Win32.ActiveCfg = MinSizeRel|Win32
		{4BAB5CE4-3F7A-3207-94B7-C1BAECA5EB51}.MinSizeRel|Win32.Build.0 = MinSizeRel|Win32
		{4BAB5CE4-3F7A-3207-94B7-C1BAECA5EB51}.Release|Win32.ActiveCfg = Release|Win32
		{4BAB5CE4-3F7A-3207-94B7-C1BAECA5EB51}.Release|Win32.Build.0 = Release|Win32
		{4BAB5CE4-3F7A-3207-94B7-C1BAECA5EB51}.RelWithDebInfo|Win32.ActiveCfg = RelWithDebInfo|Win32
		{4BAB5CE4-3F7A-3207-94B7-C1BAECA5EB51}.RelWithDebInfo|Win32.Build.0 = RelWithDebInfo|Win32
		{2DA3DB87-FBED-351A-963E-BDD3F9D72E70}.Debug|Win32.ActiveCfg = Debug|Win32
		{2DA3DB87-FBED-351A-963E-BDD3F9D72E70}.Debug|Win32.Build.0 = Debug|Win32
		{2DA3DB87-FBED-351A-963E-BDD3F9D72E70}.MinSizeRel|Win32.ActiveCfg = MinSizeRel|Win32
		{2DA3DB87-FBED-351A-963E-BDD3F9D72E70}.MinSizeRel|Win32.Build.0 = MinSizeRel|Win32
		{2DA3DB87-FBED-351A-963E-BDD3F9D72E70}.Release|Win32.ActiveCfg = Release|Win32
		{2DA3DB87-FBED-351A-963E-BDD3F9D72E70}.Release|Win32.Build.0 = Release|Win32
		{2DA3DB87-FBED-351A-963E-BDD3F9D72E70}.RelWithDebInfo|Win32.ActiveCfg = RelWithDebInfo|Win32
		{2DA3DB87-FBED-351A-963E-BDD3F9D72E70}.RelWithDebInfo|Win32.Build.0 = RelWithDebInfo|Win32
		{45357FA8-A802-372C-888F-F0FE3E875E15}.Debug|Win32.ActiveCfg = Debug|Win32
		{45357FA8-A802-372C-888F-F0FE3E875E15}.Debug|Win32.Build.0 = Debug|Win32
		{45357FA8-A802-372C-888F-F0FE3E875E15}.MinSizeRel|Win32.ActiveCfg = MinSizeRel|Win32
		{45357FA8-A802-372C-888F-F0FE3E875E15}.MinSizeRel|Win32.Build.0 = MinSizeRel|Win32
		{45357FA8-A802-372C-888F-F0FE3E875E15}.Release|Win32.ActiveCfg = Release|Win32
		{45357FA8-A802-372C-888F-F0FE3E875E15}.Release|Win32.Build.0 = Release|Win32
		{45357FA8-A802-372C-888F-F0FE3E875E15}.RelWithDebInfo|Win32.ActiveCfg = RelWithDebInfo|Win32
		{45357FA8-A802-372C-888F-F0FE3E875E15}.RelWithDebInfo|Win32.Build.0 = RelWithDebInfo|Win32
		{A4867F86-2E40-388E-9E6A-4A45F35D5B49}.Debug|Win32.ActiveCfg = Debug|Win32
		{A4867F86-2E40-388E-9E6A-4A45F35D5B49}.Debug|Win32.Build.0 = Debug|Win32
		{A4867F86-2E40-388E-9E6A-4A45F35D5B49}.MinSizeRel|Win32.ActiveCfg = MinSizeRel|Win32
		{A4867F86-2E40-388E-9E6A-4A45F35D5B49}.MinSizeRel|Win32.Build.0 = MinSizeRel|Win32
		{A4867F86-2E40-388E-9E6A-4A45F35D5B49}.Release|Win32.ActiveCfg = Release|Win32
		{A4867F86-2E40-388E-9E6A-4A45F35D5B49}.Release|Win32.Build.0 = Release|Win32
		{A4867F86-2E40-388E-9E6A-4A45F35D5B49}.RelWithDebInfo|Win32.ActiveCfg = RelWithDebInfo|Win32
		{A4867F86-2E40-388E-9E6A-4A45F35D5B49}.RelWithDebInfo|Win32.Build.0 = RelWithDebInfo|Win32
		{3D477F65-D17C-3760-9858-6A52BDDFCA03}.Debug|Win32.ActiveCfg = Debug|Win32
		{3D477F65-D17C-3760-9858-6A52BDDFCA03}.Debug|Win32.Build.0 = Debug|Win32
		{3D477F65-D17C-3760-9858-6A52BDDFCA03}.MinSizeRel|Win32.ActiveCfg = MinSizeRel|Win32
		{3D477F65-D17C-3760-9858-6A52BDDFCA03}.MinSizeRel|Win32.Build.0 = MinSizeRel|Win32
		{3D477F65-D17C-3760-9858-6A52BDDFCA03}.Release|Win32.ActiveCfg = Release|Win32
		{3D477F65-D17C-3760-9858-6A52BDDFCA03}.Release|Win32.Build.0 = Release|Win32
		{3D477F65-D17C-3760-9858-6A52BDDFCA03}.RelWithDebInfo|Win32.ActiveCfg = RelWithDebInfo|Win32
		{3D477F65-D17C-3760-9858-6A52BDDFCA03}.RelWithDebInfo|Win32.Build.0 = RelWithDebInfo|Win32
	EndGlobalSection
	GlobalSection(SolutionProperties) = preSolution
		HideSolutionNode = FALSE
	EndGlobalSection
	GlobalSection(NestedProjects) = preSolution
		{0CD36679-541F-37A1-AD47-2177A0AE964F} = {C3511C6C-EB5F-3F22-8A34-3616854AB53C}
		{FA482518-D1D5-3877-9B46-93BC45919643} = {D0C19B59-D0C1-3C12-B855-3EC33A8129D8}
		{2B227F3A-6F3D-38B4-A8D5-700B1CEC8DE2} = {DA7B0DCF-5645-38B3-8CD6-AC6F0B1DDB5B}
		{04CDB7B7-C6D5-34F9-BFE7-ED2D4AC63676} = {61D01828-3DA4-3A3B-996A-442326B8D403}
		{1E930F34-D635-3887-AA18-A0C84715666B} = {61D01828-3DA4-3A3B-996A-442326B8D403}
		{961775B8-3CBA-3EA0-9FCD-F3DFE6CDD608} = {61D01828-3DA4-3A3B-996A-442326B8D403}
		{418CF789-0552-3F47-BC42-C94E0563CBED} = {61D01828-3DA4-3A3B-996A-442326B8D403}
		{6498C2C6-D7C5-3B2E-A1A1-5A7B2B2E117A} = {61D01828-3DA4-3A3B-996A-442326B8D403}
		{C9E2CA9C-4B7A-3785-986D-F22B7D4C7B76} = {61D01828-3DA4-3A3B-996A-442326B8D403}
		{4BAB5CE4-3F7A-3207-94B7-C1BAECA5EB51} = {61D01828-3DA4-3A3B-996A-442326B8D403}
		{2DA3DB87-FBED-351A-963E-BDD3F9D72E70} = {61D01828-3DA4-3A3B-996A-442326B8D403}
		{45357FA8-A802-372C-888F-F0FE3E875E15} = {61D01828-3DA4-3A3B-996A-442326B8D403}
		{A4867F86-2E40-388E-9E6A-4A45F35D5B49} = {61D01828-3DA4-3A3B-996A-442326B8D403}
		{3D477F65-D17C-3760-9858-6A52BDDFCA03} = {61D01828-3DA4-3A3B-996A-442326B8D403}
	EndGlobalSection
	GlobalSection(ExtensibilityGlobals) = postSolution
		SolutionGuid = {0DA12285-9433-3571-AC49-0F251EF8A037}
	EndGlobalSection
EndGlobal
